<?xml version="1.0" encoding="utf-8"?>
<Project ToolsVersion="4.0" xmlns="http://schemas.microsoft.com/developer/msbuild/2003">
  <ItemGroup>
    <Filter Include="源文件">
      <UniqueIdentifier>{4FC737F1-C7A5-4376-A066-2A32D752A2FF}</UniqueIdentifier>
      <Extensions>cpp;c;cc;cxx;c++;cppm;ixx;def;odl;idl;hpj;bat;asm;asmx</Extensions>
    </Filter>
    <Filter Include="头文件">
      <UniqueIdentifier>{93995380-89BD-4b04-88EB-625FBE52EBFB}</UniqueIdentifier>
      <Extensions>h;hh;hpp;hxx;h++;hm;inl;inc;ipp;xsd</Extensions>
    </Filter>
    <Filter Include="资源文件">
      <UniqueIdentifier>{67DA6AB6-F800-4c08-8B7A-83BB121AAD01}</UniqueIdentifier>
      <Extensions>rc;ico;cur;bmp;dlg;rc2;rct;bin;rgs;gif;jpg;jpeg;jpe;resx;tiff;tif;png;wav;mfcribbon-ms</Extensions>
    </Filter>
    <Filter Include="头文件\BuildingUnits">
      <UniqueIdentifier>{d1404ca8-ec62-457c-8c5f-66976fb2c4c8}</UniqueIdentifier>
    </Filter>
    <Filter Include="头文件\MovUnits">
      <UniqueIdentifier>{2e5fda04-a457-473e-8f1d-a3d15c27a51e}</UniqueIdentifier>
    </Filter>
    <Filter Include="源文件\BuildingUnits">
      <UniqueIdentifier>{0e93ef16-6869-4035-8237-4e0c0504bf28}</UniqueIdentifier>
    </Filter>
    <Filter Include="源文件\MovUnits">
      <UniqueIdentifier>{38ba1a5b-1f95-471c-9ade-4f8e663c08ac}</UniqueIdentifier>
    </Filter>
    <Filter Include="源文件\Public">
      <UniqueIdentifier>{b9f94f8d-b134-43d9-ac93-025c91e554db}</UniqueIdentifier>
    </Filter>
    <Filter Include="头文件\Public">
      <UniqueIdentifier>{ca912e14-95c3-4e8e-9093-f1070aad5ac7}</UniqueIdentifier>
    </Filter>
    <Filter Include="头文件\Attribute">
      <UniqueIdentifier>{916717dd-b61d-43c4-bae1-2ff43671852a}</UniqueIdentifier>
    </Filter>
    <Filter Include="源文件\Attribute">
      <UniqueIdentifier>{1b90b97f-cac9-44ac-bd80-0c745a6facab}</UniqueIdentifier>
    </Filter>
    <Filter Include="头文件\Player">
      <UniqueIdentifier>{0791f737-d915-4054-82bb-82735934514e}</UniqueIdentifier>
    </Filter>
    <Filter Include="源文件\Player">
      <UniqueIdentifier>{258de18f-2228-4c65-97d5-c0d4ec586519}</UniqueIdentifier>
    </Filter>
  </ItemGroup>
  <ItemGroup>
    <ClInclude Include="framework.h">
      <Filter>头文件</Filter>
    </ClInclude>
    <ClInclude Include="pch.h">
      <Filter>头文件</Filter>
    </ClInclude>
    <ClInclude Include="Attribute\Inc\BuildUnitData.h">
      <Filter>头文件\Attribute</Filter>
    </ClInclude>
    <ClInclude Include="Attribute\Inc\MovingUnitData.h">
      <Filter>头文件\Attribute</Filter>
    </ClInclude>
    <ClInclude Include="BuildingUnits\Inc\basic_building.h">
      <Filter>头文件\BuildingUnits</Filter>
    </ClInclude>
    <ClInclude Include="Attribute\Inc\AttributeUnitData.h">
      <Filter>头文件\Attribute</Filter>
    </ClInclude>
    <ClInclude Include="Attribute\Inc\attribute_data.h">
      <Filter>头文件\Attribute</Filter>
    </ClInclude>
    <ClInclude Include="BuildingUnits\Inc\City.h">
      <Filter>头文件\BuildingUnits</Filter>
    </ClInclude>
    <ClInclude Include="BuildingUnits\Inc\Captial.h">
      <Filter>头文件\BuildingUnits</Filter>
    </ClInclude>
    <ClInclude Include="BuildingUnits\Inc\SciencesAcademy.h">
      <Filter>头文件\BuildingUnits</Filter>
    </ClInclude>
    <ClInclude Include="BuildingUnits\Inc\CommerceDepart.h">
      <Filter>头文件\BuildingUnits</Filter>
    </ClInclude>
    <ClInclude Include="BuildingUnits\Inc\DefenseMinistry.h">
      <Filter>头文件\BuildingUnits</Filter>
    </ClInclude>
    <ClInclude Include="BuildingUnits\Inc\NationalSecurity.h">
      <Filter>头文件\BuildingUnits</Filter>
    </ClInclude>
    <ClInclude Include="Public\Inc\error.h">
      <Filter>头文件\Public</Filter>
    </ClInclude>
    <ClInclude Include="Public\Inc\type.h">
      <Filter>头文件\Public</Filter>
    </ClInclude>
    <ClInclude Include="MovUnits\Inc\BasicMoving.h">
      <Filter>头文件\MovUnits</Filter>
    </ClInclude>
  </ItemGroup>
  <ItemGroup>
    <ClCompile Include="dllmain.cpp">
      <Filter>源文件</Filter>
    </ClCompile>
    <ClCompile Include="pch.cpp">
      <Filter>源文件</Filter>
    </ClCompile>
    <ClCompile Include="Attribute\Src\attribute_data.cpp">
      <Filter>源文件\Attribute</Filter>
    </ClCompile>
    <ClCompile Include="BuildingUnits\Src\City.cpp">
      <Filter>源文件\BuildingUnits</Filter>
    </ClCompile>
    <ClCompile Include="BuildingUnits\Src\SciencesAcademy.cpp">
      <Filter>源文件\BuildingUnits</Filter>
    </ClCompile>
    <ClCompile Include="BuildingUnits\Src\CommerceDepart.cpp">
      <Filter>源文件\BuildingUnits</Filter>
    </ClCompile>
    <ClCompile Include="BuildingUnits\Src\DefenseMinistry.cpp">
      <Filter>源文件\BuildingUnits</Filter>
    </ClCompile>
    <ClCompile Include="BuildingUnits\Src\NationalSecurity.cpp">
      <Filter>源文件\BuildingUnits</Filter>
    </ClCompile>
    <ClCompile Include="BuildingUnits\Src\Captial.cpp">
      <Filter>源文件\BuildingUnits</Filter>
    </ClCompile>
    <ClCompile Include="MovUnits\Src\BasicMoving.cpp">
      <Filter>源文件\MovUnits</Filter>
    </ClCompile>
  </ItemGroup>
</Project>